Microsoft Visual Studio Solution File, Format Version 12.00
# Visual Studio Version 17
VisualStudioVersion = 17.0.31903.59
MinimumVisualStudioVersion = 10.0.40219.1
Project("{2150E333-8FDC-42A3-9474-1A3956D46DE8}") = "src", "src", "{827E0CD3-B72D-47B6-A68D-7590B98EB39B}"
EndProject
Project("{FAE04EC0-301F-11D3-BF4B-00C04F79EFBC}") = "PhoneDirectory.Domain", "src\PhoneDirectory.Domain\PhoneDirectory.Domain.csproj", "{6A03A61F-7025-4B1F-9D76-B5E74C025886}"
EndProject
Project("{FAE04EC0-301F-11D3-BF4B-00C04F79EFBC}") = "PhoneDirectory.Infrastructure", "src\PhoneDirectory.Infrastructure\PhoneDirectory.Infrastructure.csproj", "{9B999D12-02DA-43FC-AF65-B6105BEB186F}"
EndProject
Project("{FAE04EC0-301F-11D3-BF4B-00C04F79EFBC}") = "PhoneDirectory.Web", "src\PhoneDirectory.Web\PhoneDirectory.Web.csproj", "{2CAA601E-849E-43EE-9759-DA983E416EA6}"
EndProject
Global
	GlobalSection(SolutionConfigurationPlatforms) = preSolution
		Debug|Any CPU = Debug|Any CPU
		Debug|x64 = Debug|x64
		Debug|x86 = Debug|x86
		Release|Any CPU = Release|Any CPU
		Release|x64 = Release|x64
		Release|x86 = Release|x86
	EndGlobalSection
	GlobalSection(ProjectConfigurationPlatforms) = postSolution
		{6A03A61F-7025-4B1F-9D76-B5E74C025886}.Debug|Any CPU.ActiveCfg = Debug|Any CPU
		{6A03A61F-7025-4B1F-9D76-B5E74C025886}.Debug|Any CPU.Build.0 = Debug|Any CPU
		{6A03A61F-7025-4B1F-9D76-B5E74C025886}.Debug|x64.ActiveCfg = Debug|Any CPU
		{6A03A61F-7025-4B1F-9D76-B5E74C025886}.Debug|x64.Build.0 = Debug|Any CPU
		{6A03A61F-7025-4B1F-9D76-B5E74C025886}.Debug|x86.ActiveCfg = Debug|Any CPU
		{6A03A61F-7025-4B1F-9D76-B5E74C025886}.Debug|x86.Build.0 = Debug|Any CPU
		{6A03A61F-7025-4B1F-9D76-B5E74C025886}.Release|Any CPU.ActiveCfg = Release|Any CPU
		{6A03A61F-7025-4B1F-9D76-B5E74C025886}.Release|Any CPU.Build.0 = Release|Any CPU
		{6A03A61F-7025-4B1F-9D76-B5E74C025886}.Release|x64.ActiveCfg = Release|Any CPU
		{6A03A61F-7025-4B1F-9D76-B5E74C025886}.Release|x64.Build.0 = Release|Any CPU
		{6A03A61F-7025-4B1F-9D76-B5E74C025886}.Release|x86.ActiveCfg = Release|Any CPU
		{6A03A61F-7025-4B1F-9D76-B5E74C025886}.Release|x86.Build.0 = Release|Any CPU
		{9B999D12-02DA-43FC-AF65-B6105BEB186F}.Debug|Any CPU.ActiveCfg = Debug|Any CPU
		{9B999D12-02DA-43FC-AF65-B6105BEB186F}.Debug|Any CPU.Build.0 = Debug|Any CPU
		{9B999D12-02DA-43FC-AF65-B6105BEB186F}.Debug|x64.ActiveCfg = Debug|Any CPU
		{9B999D12-02DA-43FC-AF65-B6105BEB186F}.Debug|x64.Build.0 = Debug|Any CPU
		{9B999D12-02DA-43FC-AF65-B6105BEB186F}.Debug|x86.ActiveCfg = Debug|Any CPU
		{9B999D12-02DA-43FC-AF65-B6105BEB186F}.Debug|x86.Build.0 = Debug|Any CPU
		{9B999D12-02DA-43FC-AF65-B6105BEB186F}.Release|Any CPU.ActiveCfg = Release|Any CPU
		{9B999D12-02DA-43FC-AF65-B6105BEB186F}.Release|Any CPU.Build.0 = Release|Any CPU
		{9B999D12-02DA-43FC-AF65-B6105BEB186F}.Release|x64.ActiveCfg = Release|Any CPU
		{9B999D12-02DA-43FC-AF65-B6105BEB186F}.Release|x64.Build.0 = Release|Any CPU
		{9B999D12-02DA-43FC-AF65-B6105BEB186F}.Release|x86.ActiveCfg = Release|Any CPU
		{9B999D12-02DA-43FC-AF65-B6105BEB186F}.Release|x86.Build.0 = Release|Any CPU
		{2CAA601E-849E-43EE-9759-DA983E416EA6}.Debug|Any CPU.ActiveCfg = Debug|Any CPU
		{2CAA601E-849E-43EE-9759-DA983E416EA6}.Debug|Any CPU.Build.0 = Debug|Any CPU
		{2CAA601E-849E-43EE-9759-DA983E416EA6}.Debug|x64.ActiveCfg = Debug|Any CPU
		{2CAA601E-849E-43EE-9759-DA983E416EA6}.Debug|x64.Build.0 = Debug|Any CPU
		{2CAA601E-849E-43EE-9759-DA983E416EA6}.Debug|x86.ActiveCfg = Debug|Any CPU
		{2CAA601E-849E-43EE-9759-DA983E416EA6}.Debug|x86.Build.0 = Debug|Any CPU
		{2CAA601E-849E-43EE-9759-DA983E416EA6}.Release|Any CPU.ActiveCfg = Release|Any CPU
		{2CAA601E-849E-43EE-9759-DA983E416EA6}.Release|Any CPU.Build.0 = Release|Any CPU
		{2CAA601E-849E-43EE-9759-DA983E416EA6}.Release|x64.ActiveCfg = Release|Any CPU
		{2CAA601E-849E-43EE-9759-DA983E416EA6}.Release|x64.Build.0 = Release|Any CPU
		{2CAA601E-849E-43EE-9759-DA983E416EA6}.Release|x86.ActiveCfg = Release|Any CPU
		{2CAA601E-849E-43EE-9759-DA983E416EA6}.Release|x86.Build.0 = Release|Any CPU
	EndGlobalSection
	GlobalSection(SolutionProperties) = preSolution
		HideSolutionNode = FALSE
	EndGlobalSection
	GlobalSection(NestedProjects) = preSolution
		{6A03A61F-7025-4B1F-9D76-B5E74C025886} = {827E0CD3-B72D-47B6-A68D-7590B98EB39B}
		{9B999D12-02DA-43FC-AF65-B6105BEB186F} = {827E0CD3-B72D-47B6-A68D-7590B98EB39B}
		{2CAA601E-849E-43EE-9759-DA983E416EA6} = {827E0CD3-B72D-47B6-A68D-7590B98EB39B}
	EndGlobalSection
EndGlobal
